// !$*UTF8*$!
{
	archiveVersion = 1;
	classes = {
	};
	objectVersion = 56;
	objects = {

/* Begin PBXBuildFile section */
		2D67781A2B2476E00049FCA6 /* Extention + UIStackView.swift in Sources */ = {isa = PBXBuildFile; fileRef = 2D6778192B2476E00049FCA6 /* Extention + UIStackView.swift */; };
		2D67781C2B24ACB90049FCA6 /* CarModel.swift in Sources */ = {isa = PBXBuildFile; fileRef = 2D67781B2B24ACB90049FCA6 /* CarModel.swift */; };
		2D67781E2B24AEC80049FCA6 /* Advertisements.swift in Sources */ = {isa = PBXBuildFile; fileRef = 2D67781D2B24AEC80049FCA6 /* Advertisements.swift */; };
		2D6778202B24EA3A0049FCA6 /* CarsCollectionViewCell.swift in Sources */ = {isa = PBXBuildFile; fileRef = 2D67781F2B24EA3A0049FCA6 /* CarsCollectionViewCell.swift */; };
		2D98A9ED2B1F2FC20024B0B4 /* TabBarController.swift in Sources */ = {isa = PBXBuildFile; fileRef = 2D98A9EC2B1F2FC20024B0B4 /* TabBarController.swift */; };
		2D98A9EF2B1F32E40024B0B4 /* FavoritesViewController.swift in Sources */ = {isa = PBXBuildFile; fileRef = 2D98A9EE2B1F32E40024B0B4 /* FavoritesViewController.swift */; };
		2D98A9F12B1F33230024B0B4 /* AdvertisementsViewController.swift in Sources */ = {isa = PBXBuildFile; fileRef = 2D98A9F02B1F33230024B0B4 /* AdvertisementsViewController.swift */; };
		2D98A9F42B1F33710024B0B4 /* DialoguesViewController.swift in Sources */ = {isa = PBXBuildFile; fileRef = 2D98A9F32B1F33710024B0B4 /* DialoguesViewController.swift */; };
		2D98A9F62B1F339A0024B0B4 /* OtherViewController.swift in Sources */ = {isa = PBXBuildFile; fileRef = 2D98A9F52B1F339A0024B0B4 /* OtherViewController.swift */; };
		2D98AA002B208D730024B0B4 /* ViewController.swift in Sources */ = {isa = PBXBuildFile; fileRef = 2D98A9FF2B208D730024B0B4 /* ViewController.swift */; };
		2DE8894C2B1CAC31005A3A2A /* AppDelegate.swift in Sources */ = {isa = PBXBuildFile; fileRef = 2DE8894B2B1CAC31005A3A2A /* AppDelegate.swift */; };
		2DE8894E2B1CAC31005A3A2A /* SceneDelegate.swift in Sources */ = {isa = PBXBuildFile; fileRef = 2DE8894D2B1CAC31005A3A2A /* SceneDelegate.swift */; };
		2DE889502B1CAC31005A3A2A /* CarsViewController.swift in Sources */ = {isa = PBXBuildFile; fileRef = 2DE8894F2B1CAC31005A3A2A /* CarsViewController.swift */; };
		2DE889552B1CAC32005A3A2A /* Assets.xcassets in Resources */ = {isa = PBXBuildFile; fileRef = 2DE889542B1CAC32005A3A2A /* Assets.xcassets */; };
		2DE889582B1CAC32005A3A2A /* LaunchScreen.storyboard in Resources */ = {isa = PBXBuildFile; fileRef = 2DE889562B1CAC32005A3A2A /* LaunchScreen.storyboard */; };
		2DEF8EE92B23121F002D7691 /* Extention + NavigationController.swift in Sources */ = {isa = PBXBuildFile; fileRef = 2DEF8EE82B23121F002D7691 /* Extention + NavigationController.swift */; };
		2DEF8EEC2B232362002D7691 /* CarsTableViewCell.swift in Sources */ = {isa = PBXBuildFile; fileRef = 2DEF8EEB2B232362002D7691 /* CarsTableViewCell.swift */; };
		2DEF8EEE2B233795002D7691 /* Extention + UIView.swift in Sources */ = {isa = PBXBuildFile; fileRef = 2DEF8EED2B233795002D7691 /* Extention + UIView.swift */; };
/* End PBXBuildFile section */

/* Begin PBXFileReference section */
		2D6778192B2476E00049FCA6 /* Extention + UIStackView.swift */ = {isa = PBXFileReference; lastKnownFileType = sourcecode.swift; path = "Extention + UIStackView.swift"; sourceTree = "<group>"; };
		2D67781B2B24ACB90049FCA6 /* CarModel.swift */ = {isa = PBXFileReference; lastKnownFileType = sourcecode.swift; path = CarModel.swift; sourceTree = "<group>"; };
		2D67781D2B24AEC80049FCA6 /* Advertisements.swift */ = {isa = PBXFileReference; lastKnownFileType = sourcecode.swift; path = Advertisements.swift; sourceTree = "<group>"; };
		2D67781F2B24EA3A0049FCA6 /* CarsCollectionViewCell.swift */ = {isa = PBXFileReference; lastKnownFileType = sourcecode.swift; path = CarsCollectionViewCell.swift; sourceTree = "<group>"; };
		2D98A9EC2B1F2FC20024B0B4 /* TabBarController.swift */ = {isa = PBXFileReference; lastKnownFileType = sourcecode.swift; path = TabBarController.swift; sourceTree = "<group>"; };
		2D98A9EE2B1F32E40024B0B4 /* FavoritesViewController.swift */ = {isa = PBXFileReference; lastKnownFileType = sourcecode.swift; path = FavoritesViewController.swift; sourceTree = "<group>"; };
		2D98A9F02B1F33230024B0B4 /* AdvertisementsViewController.swift */ = {isa = PBXFileReference; lastKnownFileType = sourcecode.swift; path = AdvertisementsViewController.swift; sourceTree = "<group>"; };
		2D98A9F32B1F33710024B0B4 /* DialoguesViewController.swift */ = {isa = PBXFileReference; lastKnownFileType = sourcecode.swift; path = DialoguesViewController.swift; sourceTree = "<group>"; };
		2D98A9F52B1F339A0024B0B4 /* OtherViewController.swift */ = {isa = PBXFileReference; lastKnownFileType = sourcecode.swift; path = OtherViewController.swift; sourceTree = "<group>"; };
		2D98A9FF2B208D730024B0B4 /* ViewController.swift */ = {isa = PBXFileReference; lastKnownFileType = sourcecode.swift; path = ViewController.swift; sourceTree = "<group>"; };
		2DE889482B1CAC31005A3A2A /* AVBY_Clone.app */ = {isa = PBXFileReference; explicitFileType = wrapper.application; includeInIndex = 0; path = AVBY_Clone.app; sourceTree = BUILT_PRODUCTS_DIR; };
		2DE8894B2B1CAC31005A3A2A /* AppDelegate.swift */ = {isa = PBXFileReference; lastKnownFileType = sourcecode.swift; path = AppDelegate.swift; sourceTree = "<group>"; };
		2DE8894D2B1CAC31005A3A2A /* SceneDelegate.swift */ = {isa = PBXFileReference; lastKnownFileType = sourcecode.swift; path = SceneDelegate.swift; sourceTree = "<group>"; };
		2DE8894F2B1CAC31005A3A2A /* CarsViewController.swift */ = {isa = PBXFileReference; lastKnownFileType = sourcecode.swift; path = CarsViewController.swift; sourceTree = "<group>"; };
		2DE889542B1CAC32005A3A2A /* Assets.xcassets */ = {isa = PBXFileReference; lastKnownFileType = folder.assetcatalog; path = Assets.xcassets; sourceTree = "<group>"; };
		2DE889572B1CAC32005A3A2A /* Base */ = {isa = PBXFileReference; lastKnownFileType = file.storyboard; name = Base; path = Base.lproj/LaunchScreen.storyboard; sourceTree = "<group>"; };
		2DE889592B1CAC32005A3A2A /* Info.plist */ = {isa = PBXFileReference; lastKnownFileType = text.plist.xml; path = Info.plist; sourceTree = "<group>"; };
		2DEF8EE82B23121F002D7691 /* Extention + NavigationController.swift */ = {isa = PBXFileReference; lastKnownFileType = sourcecode.swift; path = "Extention + NavigationController.swift"; sourceTree = "<group>"; };
		2DEF8EEB2B232362002D7691 /* CarsTableViewCell.swift */ = {isa = PBXFileReference; lastKnownFileType = sourcecode.swift; path = CarsTableViewCell.swift; sourceTree = "<group>"; };
		2DEF8EED2B233795002D7691 /* Extention + UIView.swift */ = {isa = PBXFileReference; lastKnownFileType = sourcecode.swift; path = "Extention + UIView.swift"; sourceTree = "<group>"; };
/* End PBXFileReference section */

/* Begin PBXFrameworksBuildPhase section */
		2DE889452B1CAC31005A3A2A /* Frameworks */ = {
			isa = PBXFrameworksBuildPhase;
			buildActionMask = 2147483647;
			files = (
			);
			runOnlyForDeploymentPostprocessing = 0;
		};
/* End PBXFrameworksBuildPhase section */

/* Begin PBXGroup section */
		2D98A9F72B1F33A80024B0B4 /* ViewControllers */ = {
			isa = PBXGroup;
			children = (
				2D98A9FA2B1F35800024B0B4 /* Cars */,
				2DEF8EE42B231185002D7691 /* Favorites */,
				2DEF8EE52B2311B0002D7691 /* Advertisements */,
				2DEF8EE62B2311BF002D7691 /* Dialogues */,
				2DEF8EE72B2311CD002D7691 /* Other */,
			);
			path = ViewControllers;
			sourceTree = "<group>";
		};
		2D98A9FA2B1F35800024B0B4 /* Cars */ = {
			isa = PBXGroup;
			children = (
				2DEF8EEA2B232311002D7691 /* CarsViewController */,
				2D98A9FF2B208D730024B0B4 /* ViewController.swift */,
			);
			path = Cars;
			sourceTree = "<group>";
		};
		2DE8893F2B1CAC31005A3A2A = {
			isa = PBXGroup;
			children = (
				2DE8894A2B1CAC31005A3A2A /* AVBY_Clone */,
				2DE889492B1CAC31005A3A2A /* Products */,
			);
			sourceTree = "<group>";
		};
		2DE889492B1CAC31005A3A2A /* Products */ = {
			isa = PBXGroup;
			children = (
				2DE889482B1CAC31005A3A2A /* AVBY_Clone.app */,
			);
			name = Products;
			sourceTree = "<group>";
		};
		2DE8894A2B1CAC31005A3A2A /* AVBY_Clone */ = {
			isa = PBXGroup;
			children = (
				2D98A9EC2B1F2FC20024B0B4 /* TabBarController.swift */,
				2D67781B2B24ACB90049FCA6 /* CarModel.swift */,
				2D67781D2B24AEC80049FCA6 /* Advertisements.swift */,
				2D98A9F72B1F33A80024B0B4 /* ViewControllers */,
				2DEF8EE22B2310FD002D7691 /* Extensions */,
				2DEF8EE32B231110002D7691 /* Supporting */,
				2DE889592B1CAC32005A3A2A /* Info.plist */,
			);
			path = AVBY_Clone;
			sourceTree = "<group>";
		};
		2DEF8EE22B2310FD002D7691 /* Extensions */ = {
			isa = PBXGroup;
			children = (
				2DEF8EE82B23121F002D7691 /* Extention + NavigationController.swift */,
				2DEF8EED2B233795002D7691 /* Extention + UIView.swift */,
				2D6778192B2476E00049FCA6 /* Extention + UIStackView.swift */,
			);
			path = Extensions;
			sourceTree = "<group>";
		};
		2DEF8EE32B231110002D7691 /* Supporting */ = {
			isa = PBXGroup;
			children = (
				2DE8894B2B1CAC31005A3A2A /* AppDelegate.swift */,
				2DE8894D2B1CAC31005A3A2A /* SceneDelegate.swift */,
				2DE889542B1CAC32005A3A2A /* Assets.xcassets */,
				2DE889562B1CAC32005A3A2A /* LaunchScreen.storyboard */,
			);
			path = Supporting;
			sourceTree = "<group>";
		};
		2DEF8EE42B231185002D7691 /* Favorites */ = {
			isa = PBXGroup;
			children = (
				2D98A9EE2B1F32E40024B0B4 /* FavoritesViewController.swift */,
			);
			path = Favorites;
			sourceTree = "<group>";
		};
		2DEF8EE52B2311B0002D7691 /* Advertisements */ = {
			isa = PBXGroup;
			children = (
				2D98A9F02B1F33230024B0B4 /* AdvertisementsViewController.swift */,
			);
			path = Advertisements;
			sourceTree = "<group>";
		};
		2DEF8EE62B2311BF002D7691 /* Dialogues */ = {
			isa = PBXGroup;
			children = (
				2D98A9F32B1F33710024B0B4 /* DialoguesViewController.swift */,
			);
			path = Dialogues;
			sourceTree = "<group>";
		};
		2DEF8EE72B2311CD002D7691 /* Other */ = {
			isa = PBXGroup;
			children = (
				2D98A9F52B1F339A0024B0B4 /* OtherViewController.swift */,
			);
			path = Other;
			sourceTree = "<group>";
		};
		2DEF8EEA2B232311002D7691 /* CarsViewController */ = {
			isa = PBXGroup;
			children = (
				2DE8894F2B1CAC31005A3A2A /* CarsViewController.swift */,
				2DEF8EEB2B232362002D7691 /* CarsTableViewCell.swift */,
				2D67781F2B24EA3A0049FCA6 /* CarsCollectionViewCell.swift */,
			);
			path = CarsViewController;
			sourceTree = "<group>";
		};
/* End PBXGroup section */

/* Begin PBXNativeTarget section */
		2DE889472B1CAC31005A3A2A /* AVBY_Clone */ = {
			isa = PBXNativeTarget;
			buildConfigurationList = 2DE8895C2B1CAC32005A3A2A /* Build configuration list for PBXNativeTarget "AVBY_Clone" */;
			buildPhases = (
				2DE889442B1CAC31005A3A2A /* Sources */,
				2DE889452B1CAC31005A3A2A /* Frameworks */,
				2DE889462B1CAC31005A3A2A /* Resources */,
			);
			buildRules = (
			);
			dependencies = (
			);
			name = AVBY_Clone;
			productName = AVBY_Clone;
			productReference = 2DE889482B1CAC31005A3A2A /* AVBY_Clone.app */;
			productType = "com.apple.product-type.application";
		};
/* End PBXNativeTarget section */

/* Begin PBXProject section */
		2DE889402B1CAC31005A3A2A /* Project object */ = {
			isa = PBXProject;
			attributes = {
				BuildIndependentTargetsInParallel = 1;
				LastSwiftUpdateCheck = 1500;
				LastUpgradeCheck = 1500;
				TargetAttributes = {
					2DE889472B1CAC31005A3A2A = {
						CreatedOnToolsVersion = 15.0.1;
					};
				};
			};
			buildConfigurationList = 2DE889432B1CAC31005A3A2A /* Build configuration list for PBXProject "AVBY_Clone" */;
			compatibilityVersion = "Xcode 14.0";
			developmentRegion = en;
			hasScannedForEncodings = 0;
			knownRegions = (
				en,
				Base,
			);
			mainGroup = 2DE8893F2B1CAC31005A3A2A;
			productRefGroup = 2DE889492B1CAC31005A3A2A /* Products */;
			projectDirPath = "";
			projectRoot = "";
			targets = (
				2DE889472B1CAC31005A3A2A /* AVBY_Clone */,
			);
		};
/* End PBXProject section */

/* Begin PBXResourcesBuildPhase section */
		2DE889462B1CAC31005A3A2A /* Resources */ = {
			isa = PBXResourcesBuildPhase;
			buildActionMask = 2147483647;
			files = (
				2DE889582B1CAC32005A3A2A /* LaunchScreen.storyboard in Resources */,
				2DE889552B1CAC32005A3A2A /* Assets.xcassets in Resources */,
			);
			runOnlyForDeploymentPostprocessing = 0;
		};
/* End PBXResourcesBuildPhase section */

/* Begin PBXSourcesBuildPhase section */
		2DE889442B1CAC31005A3A2A /* Sources */ = {
			isa = PBXSourcesBuildPhase;
			buildActionMask = 2147483647;
			files = (
				2D98AA002B208D730024B0B4 /* ViewController.swift in Sources */,
				2DE889502B1CAC31005A3A2A /* CarsViewController.swift in Sources */,
				2D98A9F42B1F33710024B0B4 /* DialoguesViewController.swift in Sources */,
				2D98A9ED2B1F2FC20024B0B4 /* TabBarController.swift in Sources */,
				2D98A9F12B1F33230024B0B4 /* AdvertisementsViewController.swift in Sources */,
				2DEF8EEE2B233795002D7691 /* Extention + UIView.swift in Sources */,
				2D67781A2B2476E00049FCA6 /* Extention + UIStackView.swift in Sources */,
				2D6778202B24EA3A0049FCA6 /* CarsCollectionViewCell.swift in Sources */,
				2DE8894C2B1CAC31005A3A2A /* AppDelegate.swift in Sources */,
				2DEF8EEC2B232362002D7691 /* CarsTableViewCell.swift in Sources */,
				2D98A9F62B1F339A0024B0B4 /* OtherViewController.swift in Sources */,
				2D67781C2B24ACB90049FCA6 /* CarModel.swift in Sources */,
				2D98A9EF2B1F32E40024B0B4 /* FavoritesViewController.swift in Sources */,
				2DEF8EE92B23121F002D7691 /* Extention + NavigationController.swift in Sources */,
				2D67781E2B24AEC80049FCA6 /* Advertisements.swift in Sources */,
				2DE8894E2B1CAC31005A3A2A /* SceneDelegate.swift in Sources */,
			);
			runOnlyForDeploymentPostprocessing = 0;
		};
/* End PBXSourcesBuildPhase section */

/* Begin PBXVariantGroup section */
		2DE889562B1CAC32005A3A2A /* LaunchScreen.storyboard */ = {
			isa = PBXVariantGroup;
			children = (
				2DE889572B1CAC32005A3A2A /* Base */,
			);
			name = LaunchScreen.storyboard;
			sourceTree = "<group>";
		};
/* End PBXVariantGroup section */

/* Begin XCBuildConfiguration section */
		2DE8895A2B1CAC32005A3A2A /* Debug */ = {
			isa = XCBuildConfiguration;
			buildSettings = {
				ALWAYS_SEARCH_USER_PATHS = NO;
				ASSETCATALOG_COMPILER_GENERATE_SWIFT_ASSET_SYMBOL_EXTENSIONS = YES;
				CLANG_ANALYZER_NONNULL = YES;
				CLANG_ANALYZER_NUMBER_OBJECT_CONVERSION = YES_AGGRESSIVE;
				CLANG_CXX_LANGUAGE_STANDARD = "gnu++20";
				CLANG_ENABLE_MODULES = YES;
				CLANG_ENABLE_OBJC_ARC = YES;
				CLANG_ENABLE_OBJC_WEAK = YES;
				CLANG_WARN_BLOCK_CAPTURE_AUTORELEASING = YES;
				CLANG_WARN_BOOL_CONVERSION = YES;
				CLANG_WARN_COMMA = YES;
				CLANG_WARN_CONSTANT_CONVERSION = YES;
				CLANG_WARN_DEPRECATED_OBJC_IMPLEMENTATIONS = YES;
				CLANG_WARN_DIRECT_OBJC_ISA_USAGE = YES_ERROR;
				CLANG_WARN_DOCUMENTATION_COMMENTS = YES;
				CLANG_WARN_EMPTY_BODY = YES;
				CLANG_WARN_ENUM_CONVERSION = YES;
				CLANG_WARN_INFINITE_RECURSION = YES;
				CLANG_WARN_INT_CONVERSION = YES;
				CLANG_WARN_NON_LITERAL_NULL_CONVERSION = YES;
				CLANG_WARN_OBJC_IMPLICIT_RETAIN_SELF = YES;
				CLANG_WARN_OBJC_LITERAL_CONVERSION = YES;
				CLANG_WARN_OBJC_ROOT_CLASS = YES_ERROR;
				CLANG_WARN_QUOTED_INCLUDE_IN_FRAMEWORK_HEADER = YES;
				CLANG_WARN_RANGE_LOOP_ANALYSIS = YES;
				CLANG_WARN_STRICT_PROTOTYPES = YES;
				CLANG_WARN_SUSPICIOUS_MOVE = YES;
				CLANG_WARN_UNGUARDED_AVAILABILITY = YES_AGGRESSIVE;
				CLANG_WARN_UNREACHABLE_CODE = YES;
				CLANG_WARN__DUPLICATE_METHOD_MATCH = YES;
				COPY_PHASE_STRIP = NO;
				DEBUG_INFORMATION_FORMAT = dwarf;
				ENABLE_STRICT_OBJC_MSGSEND = YES;
				ENABLE_TESTABILITY = YES;
				ENABLE_USER_SCRIPT_SANDBOXING = YES;
				GCC_C_LANGUAGE_STANDARD = gnu17;
				GCC_DYNAMIC_NO_PIC = NO;
				GCC_NO_COMMON_BLOCKS = YES;
				GCC_OPTIMIZATION_LEVEL = 0;
				GCC_PREPROCESSOR_DEFINITIONS = (
					"DEBUG=1",
					"$(inherited)",
				);
				GCC_WARN_64_TO_32_BIT_CONVERSION = YES;
				GCC_WARN_ABOUT_RETURN_TYPE = YES_ERROR;
				GCC_WARN_UNDECLARED_SELECTOR = YES;
				GCC_WARN_UNINITIALIZED_AUTOS = YES_AGGRESSIVE;
				GCC_WARN_UNUSED_FUNCTION = YES;
				GCC_WARN_UNUSED_VARIABLE = YES;
				IPHONEOS_DEPLOYMENT_TARGET = 17.0;
				LOCALIZATION_PREFERS_STRING_CATALOGS = YES;
				MTL_ENABLE_DEBUG_INFO = INCLUDE_SOURCE;
				MTL_FAST_MATH = YES;
				ONLY_ACTIVE_ARCH = YES;
				SDKROOT = iphoneos;
				SWIFT_ACTIVE_COMPILATION_CONDITIONS = "DEBUG $(inherited)";
				SWIFT_OPTIMIZATION_LEVEL = "-Onone";
			};
			name = Debug;
		};
		2DE8895B2B1CAC32005A3A2A /* Release */ = {
			isa = XCBuildConfiguration;
			buildSettings = {
				ALWAYS_SEARCH_USER_PATHS = NO;
				ASSETCATALOG_COMPILER_GENERATE_SWIFT_ASSET_SYMBOL_EXTENSIONS = YES;
				CLANG_ANALYZER_NONNULL = YES;
				CLANG_ANALYZER_NUMBER_OBJECT_CONVERSION = YES_AGGRESSIVE;
				CLANG_CXX_LANGUAGE_STANDARD = "gnu++20";
				CLANG_ENABLE_MODULES = YES;
				CLANG_ENABLE_OBJC_ARC = YES;
				CLANG_ENABLE_OBJC_WEAK = YES;
				CLANG_WARN_BLOCK_CAPTURE_AUTORELEASING = YES;
				CLANG_WARN_BOOL_CONVERSION = YES;
				CLANG_WARN_COMMA = YES;
				CLANG_WARN_CONSTANT_CONVERSION = YES;
				CLANG_WARN_DEPRECATED_OBJC_IMPLEMENTATIONS = YES;
				CLANG_WARN_DIRECT_OBJC_ISA_USAGE = YES_ERROR;
				CLANG_WARN_DOCUMENTATION_COMMENTS = YES;
				CLANG_WARN_EMPTY_BODY = YES;
				CLANG_WARN_ENUM_CONVERSION = YES;
				CLANG_WARN_INFINITE_RECURSION = YES;
				CLANG_WARN_INT_CONVERSION = YES;
				CLANG_WARN_NON_LITERAL_NULL_CONVERSION = YES;
				CLANG_WARN_OBJC_IMPLICIT_RETAIN_SELF = YES;
				CLANG_WARN_OBJC_LITERAL_CONVERSION = YES;
				CLANG_WARN_OBJC_ROOT_CLASS = YES_ERROR;
				CLANG_WARN_QUOTED_INCLUDE_IN_FRAMEWORK_HEADER = YES;
				CLANG_WARN_RANGE_LOOP_ANALYSIS = YES;
				CLANG_WARN_STRICT_PROTOTYPES = YES;
				CLANG_WARN_SUSPICIOUS_MOVE = YES;
				CLANG_WARN_UNGUARDED_AVAILABILITY = YES_AGGRESSIVE;
				CLANG_WARN_UNREACHABLE_CODE = YES;
				CLANG_WARN__DUPLICATE_METHOD_MATCH = YES;
				COPY_PHASE_STRIP = NO;
				DEBUG_INFORMATION_FORMAT = "dwarf-with-dsym";
				ENABLE_NS_ASSERTIONS = NO;
				ENABLE_STRICT_OBJC_MSGSEND = YES;
				ENABLE_USER_SCRIPT_SANDBOXING = YES;
				GCC_C_LANGUAGE_STANDARD = gnu17;
				GCC_NO_COMMON_BLOCKS = YES;
				GCC_WARN_64_TO_32_BIT_CONVERSION = YES;
				GCC_WARN_ABOUT_RETURN_TYPE = YES_ERROR;
				GCC_WARN_UNDECLARED_SELECTOR = YES;
				GCC_WARN_UNINITIALIZED_AUTOS = YES_AGGRESSIVE;
				GCC_WARN_UNUSED_FUNCTION = YES;
				GCC_WARN_UNUSED_VARIABLE = YES;
				IPHONEOS_DEPLOYMENT_TARGET = 17.0;
				LOCALIZATION_PREFERS_STRING_CATALOGS = YES;
				MTL_ENABLE_DEBUG_INFO = NO;
				MTL_FAST_MATH = YES;
				SDKROOT = iphoneos;
				SWIFT_COMPILATION_MODE = wholemodule;
				VALIDATE_PRODUCT = YES;
			};
			name = Release;
		};
		2DE8895D2B1CAC32005A3A2A /* Debug */ = {
			isa = XCBuildConfiguration;
			buildSettings = {
				ASSETCATALOG_COMPILER_APPICON_NAME = AppIcon;
				ASSETCATALOG_COMPILER_GLOBAL_ACCENT_COLOR_NAME = AccentColor;
				CODE_SIGN_STYLE = Automatic;
				CURRENT_PROJECT_VERSION = 1;
				DEVELOPMENT_TEAM = C99MZRZS9Q;
				GENERATE_INFOPLIST_FILE = YES;
				INFOPLIST_FILE = AVBY_Clone/Info.plist;
				INFOPLIST_KEY_UIApplicationSupportsIndirectInputEvents = YES;
				INFOPLIST_KEY_UILaunchStoryboardName = LaunchScreen;
				INFOPLIST_KEY_UIStatusBarStyle = "";
				INFOPLIST_KEY_UISupportedInterfaceOrientations = UIInterfaceOrientationPortrait;
				IPHONEOS_DEPLOYMENT_TARGET = 15.0;
				LD_RUNPATH_SEARCH_PATHS = (
					"$(inherited)",
					"@executable_path/Frameworks",
				);
				MARKETING_VERSION = 1.0;
				PRODUCT_BUNDLE_IDENTIFIER = "I-m.AVBY-Clone";
				PRODUCT_NAME = "$(TARGET_NAME)";
				SWIFT_EMIT_LOC_STRINGS = YES;
				SWIFT_VERSION = 5.0;
				TARGETED_DEVICE_FAMILY = "1,2";
			};
			name = Debug;
		};
		2DE8895E2B1CAC32005A3A2A /* Release */ = {
			isa = XCBuildConfiguration;
			buildSettings = {
				ASSETCATALOG_COMPILER_APPICON_NAME = AppIcon;
				ASSETCATALOG_COMPILER_GLOBAL_ACCENT_COLOR_NAME = AccentColor;
				CODE_SIGN_STYLE = Automatic;
				CURRENT_PROJECT_VERSION = 1;
				DEVELOPMENT_TEAM = C99MZRZS9Q;
				GENERATE_INFOPLIST_FILE = YES;
				INFOPLIST_FILE = AVBY_Clone/Info.plist;
				INFOPLIST_KEY_UIApplicationSupportsIndirectInputEvents = YES;
				INFOPLIST_KEY_UILaunchStoryboardName = LaunchScreen;
				INFOPLIST_KEY_UIStatusBarStyle = "";
				INFOPLIST_KEY_UISupportedInterfaceOrientations = UIInterfaceOrientationPortrait;
				IPHONEOS_DEPLOYMENT_TARGET = 15.0;
				LD_RUNPATH_SEARCH_PATHS = (
					"$(inherited)",
					"@executable_path/Frameworks",
				);
				MARKETING_VERSION = 1.0;
				PRODUCT_BUNDLE_IDENTIFIER = "I-m.AVBY-Clone";
				PRODUCT_NAME = "$(TARGET_NAME)";
				SWIFT_EMIT_LOC_STRINGS = YES;
				SWIFT_VERSION = 5.0;
				TARGETED_DEVICE_FAMILY = "1,2";
			};
			name = Release;
		};
/* End XCBuildConfiguration section */

/* Begin XCConfigurationList section */
		2DE889432B1CAC31005A3A2A /* Build configuration list for PBXProject "AVBY_Clone" */ = {
			isa = XCConfigurationList;
			buildConfigurations = (
				2DE8895A2B1CAC32005A3A2A /* Debug */,
				2DE8895B2B1CAC32005A3A2A /* Release */,
			);
			defaultConfigurationIsVisible = 0;
			defaultConfigurationName = Release;
		};
		2DE8895C2B1CAC32005A3A2A /* Build configuration list for PBXNativeTarget "AVBY_Clone" */ = {
			isa = XCConfigurationList;
			buildConfigurations = (
				2DE8895D2B1CAC32005A3A2A /* Debug */,
				2DE8895E2B1CAC32005A3A2A /* Release */,
			);
			defaultConfigurationIsVisible = 0;
			defaultConfigurationName = Release;
		};
/* End XCConfigurationList section */
	};
	rootObject = 2DE889402B1CAC31005A3A2A /* Project object */;
}
